// !$*UTF8*$!
{
	archiveVersion = 1;
	classes = {
	};
	objectVersion = 50;
	objects = {

/* Begin PBXBuildFile section */
		151FF1A9215BDB9F0065B661 /* AppDelegate.swift in Sources */ = {isa = PBXBuildFile; fileRef = 151FF1A8215BDB9F0065B661 /* AppDelegate.swift */; };
		151FF1AB215BDB9F0065B661 /* ViewController.swift in Sources */ = {isa = PBXBuildFile; fileRef = 151FF1AA215BDB9F0065B661 /* ViewController.swift */; };
		151FF1AE215BDB9F0065B661 /* Main.storyboard in Resources */ = {isa = PBXBuildFile; fileRef = 151FF1AC215BDB9F0065B661 /* Main.storyboard */; };
		151FF1B0215BDBA00065B661 /* Assets.xcassets in Resources */ = {isa = PBXBuildFile; fileRef = 151FF1AF215BDBA00065B661 /* Assets.xcassets */; };
		151FF1B3215BDBA00065B661 /* LaunchScreen.storyboard in Resources */ = {isa = PBXBuildFile; fileRef = 151FF1B1215BDBA00065B661 /* LaunchScreen.storyboard */; };
/* End PBXBuildFile section */

/* Begin PBXFileReference section */
		151FF1A5215BDB9F0065B661 /* testtry.app */ = {isa = PBXFileReference; explicitFileType = wrapper.application; includeInIndex = 0; path = testtry.app; sourceTree = BUILT_PRODUCTS_DIR; };
		151FF1A8215BDB9F0065B661 /* AppDelegate.swift */ = {isa = PBXFileReference; lastKnownFileType = sourcecode.swift; path = AppDelegate.swift; sourceTree = "<group>"; };
		151FF1AA215BDB9F0065B661 /* ViewController.swift */ = {isa = PBXFileReference; lastKnownFileType = sourcecode.swift; path = ViewController.swift; sourceTree = "<group>"; };
		151FF1AD215BDB9F0065B661 /* Base */ = {isa = PBXFileReference; lastKnownFileType = file.storyboard; name = Base; path = Base.lproj/Main.storyboard; sourceTree = "<group>"; };
		151FF1AF215BDBA00065B661 /* Assets.xcassets */ = {isa = PBXFileReference; lastKnownFileType = folder.assetcatalog; path = Assets.xcassets; sourceTree = "<group>"; };
		151FF1B2215BDBA00065B661 /* Base */ = {isa = PBXFileReference; lastKnownFileType = file.storyboard; name = Base; path = Base.lproj/LaunchScreen.storyboard; sourceTree = "<group>"; };
		151FF1B4215BDBA00065B661 /* Info.plist */ = {isa = PBXFileReference; lastKnownFileType = text.plist.xml; path = Info.plist; sourceTree = "<group>"; };
/* End PBXFileReference section */

/* Begin PBXFrameworksBuildPhase section */
		151FF1A2215BDB9F0065B661 /* Frameworks */ = {
			isa = PBXFrameworksBuildPhase;
			buildActionMask = 2147483647;
			files = (
			);
			runOnlyForDeploymentPostprocessing = 0;
		};
/* End PBXFrameworksBuildPhase section */

/* Begin PBXGroup section */
		151FF19C215BDB9F0065B661 = {
			isa = PBXGroup;
			children = (
				151FF1A7215BDB9F0065B661 /* testtry */,
				151FF1A6215BDB9F0065B661 /* Products */,
			);
			sourceTree = "<group>";
		};
		151FF1A6215BDB9F0065B661 /* Products */ = {
			isa = PBXGroup;
			children = (
				151FF1A5215BDB9F0065B661 /* testtry.app */,
			);
			name = Products;
			sourceTree = "<group>";
		};
		151FF1A7215BDB9F0065B661 /* testtry */ = {
			isa = PBXGroup;
			children = (
				151FF1A8215BDB9F0065B661 /* AppDelegate.swift */,
				151FF1AA215BDB9F0065B661 /* ViewController.swift */,
				151FF1AC215BDB9F0065B661 /* Main.storyboard */,
				151FF1AF215BDBA00065B661 /* Assets.xcassets */,
				151FF1B1215BDBA00065B661 /* LaunchScreen.storyboard */,
				151FF1B4215BDBA00065B661 /* Info.plist */,
			);
			path = testtry;
			sourceTree = "<group>";
		};
/* End PBXGroup section */

/* Begin PBXNativeTarget section */
		151FF1A4215BDB9F0065B661 /* testtry */ = {
			isa = PBXNativeTarget;
			buildConfigurationList = 151FF1B7215BDBA00065B661 /* Build configuration list for PBXNativeTarget "testtry" */;
			buildPhases = (
				151FF1A1215BDB9F0065B661 /* Sources */,
				151FF1A2215BDB9F0065B661 /* Frameworks */,
				151FF1A3215BDB9F0065B661 /* Resources */,
			);
			buildRules = (
			);
			dependencies = (
			);
			name = testtry;
			productName = testtry;
			productReference = 151FF1A5215BDB9F0065B661 /* testtry.app */;
			productType = "com.apple.product-type.application";
		};
/* End PBXNativeTarget section */

/* Begin PBXProject section */
		151FF19D215BDB9F0065B661 /* Project object */ = {
			isa = PBXProject;
			attributes = {
				LastSwiftUpdateCheck = 1000;
				LastUpgradeCheck = 1000;
				ORGANIZATIONNAME = "abhay singh";
				TargetAttributes = {
					151FF1A4215BDB9F0065B661 = {
						CreatedOnToolsVersion = 10.0;
					};
				};
			};
			buildConfigurationList = 151FF1A0215BDB9F0065B661 /* Build configuration list for PBXProject "testtry" */;
			compatibilityVersion = "Xcode 9.3";
			developmentRegion = en;
			hasScannedForEncodings = 0;
			knownRegions = (
				en,
				Base,
			);
			mainGroup = 151FF19C215BDB9F0065B661;
			productRefGroup = 151FF1A6215BDB9F0065B661 /* Products */;
			projectDirPath = "";
			projectRoot = "";
			targets = (
				151FF1A4215BDB9F0065B661 /* testtry */,
			);
		};
/* End PBXProject section */

/* Begin PBXResourcesBuildPhase section */
		151FF1A3215BDB9F0065B661 /* Resources */ = {
			isa = PBXResourcesBuildPhase;
			buildActionMask = 2147483647;
			files = (
				151FF1B3215BDBA00065B661 /* LaunchScreen.storyboard in Resources */,
				151FF1B0215BDBA00065B661 /* Assets.xcassets in Resources */,
				151FF1AE215BDB9F0065B661 /* Main.storyboard in Resources */,
			);
			runOnlyForDeploymentPostprocessing = 0;
		};
/* End PBXResourcesBuildPhase section */

/* Begin PBXSourcesBuildPhase section */
		151FF1A1215BDB9F0065B661 /* Sources */ = {
			isa = PBXSourcesBuildPhase;
			buildActionMask = 2147483647;
			files = (
				151FF1AB215BDB9F0065B661 /* ViewController.swift in Sources */,
				151FF1A9215BDB9F0065B661 /* AppDelegate.swift in Sources */,
			);
			runOnlyForDeploymentPostprocessing = 0;
		};
/* End PBXSourcesBuildPhase section */

/* Begin PBXVariantGroup section */
		151FF1AC215BDB9F0065B661 /* Main.storyboard */ = {
			isa = PBXVariantGroup;
			children = (
				151FF1AD215BDB9F0065B661 /* Base */,
			);
			name = Main.storyboard;
			sourceTree = "<group>";
		};
		151FF1B1215BDBA00065B661 /* LaunchScreen.storyboard */ = {
			isa = PBXVariantGroup;
			children = (
				151FF1B2215BDBA00065B661 /* Base */,
			);
			name = LaunchScreen.storyboard;
			sourceTree = "<group>";
		};
/* End PBXVariantGroup section */

/* Begin XCBuildConfiguration section */
		151FF1B5215BDBA00065B661 /* Debug */ = {
			isa = XCBuildConfiguration;
			buildSettings = {
				ALWAYS_SEARCH_USER_PATHS = NO;
				CLANG_ANALYZER_NONNULL = YES;
				CLANG_ANALYZER_NUMBER_OBJECT_CONVERSION = YES_AGGRESSIVE;
				CLANG_CXX_LANGUAGE_STANDARD = "gnu++14";
				CLANG_CXX_LIBRARY = "libc++";
				CLANG_ENABLE_MODULES = YES;
				CLANG_ENABLE_OBJC_ARC = YES;
				CLANG_ENABLE_OBJC_WEAK = YES;
				CLANG_WARN_BLOCK_CAPTURE_AUTORELEASING = YES;
				CLANG_WARN_BOOL_CONVERSION = YES;
				CLANG_WARN_COMMA = YES;
				CLANG_WARN_CONSTANT_CONVERSION = YES;
				CLANG_WARN_DEPRECATED_OBJC_IMPLEMENTATIONS = YES;
				CLANG_WARN_DIRECT_OBJC_ISA_USAGE = YES_ERROR;
				CLANG_WARN_DOCUMENTATION_COMMENTS = YES;
				CLANG_WARN_EMPTY_BODY = YES;
				CLANG_WARN_ENUM_CONVERSION = YES;
				CLANG_WARN_INFINITE_RECURSION = YES;
				CLANG_WARN_INT_CONVERSION = YES;
				CLANG_WARN_NON_LITERAL_NULL_CONVERSION = YES;
				CLANG_WARN_OBJC_IMPLICIT_RETAIN_SELF = YES;
				CLANG_WARN_OBJC_LITERAL_CONVERSION = YES;
				CLANG_WARN_OBJC_ROOT_CLASS = YES_ERROR;
				CLANG_WARN_RANGE_LOOP_ANALYSIS = YES;
				CLANG_WARN_STRICT_PROTOTYPES = YES;
				CLANG_WARN_SUSPICIOUS_MOVE = YES;
				CLANG_WARN_UNGUARDED_AVAILABILITY = YES_AGGRESSIVE;
				CLANG_WARN_UNREACHABLE_CODE = YES;
				CLANG_WARN__DUPLICATE_METHOD_MATCH = YES;
				CODE_SIGN_IDENTITY = "iPhone Developer";
				COPY_PHASE_STRIP = NO;
				DEBUG_INFORMATION_FORMAT = dwarf;
				ENABLE_STRICT_OBJC_MSGSEND = YES;
				ENABLE_TESTABILITY = YES;
				GCC_C_LANGUAGE_STANDARD = gnu11;
				GCC_DYNAMIC_NO_PIC = NO;
				GCC_NO_COMMON_BLOCKS = YES;
				GCC_OPTIMIZATION_LEVEL = 0;
				GCC_PREPROCESSOR_DEFINITIONS = (
					"DEBUG=1",
					"$(inherited)",
				);
				GCC_WARN_64_TO_32_BIT_CONVERSION = YES;
				GCC_WARN_ABOUT_RETURN_TYPE = YES_ERROR;
				GCC_WARN_UNDECLARED_SELECTOR = YES;
				GCC_WARN_UNINITIALIZED_AUTOS = YES_AGGRESSIVE;
				GCC_WARN_UNUSED_FUNCTION = YES;
				GCC_WARN_UNUSED_VARIABLE = YES;
				IPHONEOS_DEPLOYMENT_TARGET = 12.0;
				MTL_ENABLE_DEBUG_INFO = INCLUDE_SOURCE;
				MTL_FAST_MATH = YES;
				ONLY_ACTIVE_ARCH = YES;
				SDKROOT = iphoneos;
				SWIFT_ACTIVE_COMPILATION_CONDITIONS = DEBUG;
				SWIFT_OPTIMIZATION_LEVEL = "-Onone";
			};
			name = Debug;
		};
		151FF1B6215BDBA00065B661 /* Release */ = {
			isa = XCBuildConfiguration;
			buildSettings = {
				ALWAYS_SEARCH_USER_PATHS = NO;
				CLANG_ANALYZER_NONNULL = YES;
				CLANG_ANALYZER_NUMBER_OBJECT_CONVERSION = YES_AGGRESSIVE;
				CLANG_CXX_LANGUAGE_STANDARD = "gnu++14";
				CLANG_CXX_LIBRARY = "libc++";
				CLANG_ENABLE_MODULES = YES;
				CLANG_ENABLE_OBJC_ARC = YES;
				CLANG_ENABLE_OBJC_WEAK = YES;
				CLANG_WARN_BLOCK_CAPTURE_AUTORELEASING = YES;
				CLANG_WARN_BOOL_CONVERSION = YES;
				CLANG_WARN_COMMA = YES;
				CLANG_WARN_CONSTANT_CONVERSION = YES;
				CLANG_WARN_DEPRECATED_OBJC_IMPLEMENTATIONS = YES;
				CLANG_WARN_DIRECT_OBJC_ISA_USAGE = YES_ERROR;
				CLANG_WARN_DOCUMENTATION_COMMENTS = YES;
				CLANG_WARN_EMPTY_BODY = YES;
				CLANG_WARN_ENUM_CONVERSION = YES;
				CLANG_WARN_INFINITE_RECURSION = YES;
				CLANG_WARN_INT_CONVERSION = YES;
				CLANG_WARN_NON_LITERAL_NULL_CONVERSION = YES;
				CLANG_WARN_OBJC_IMPLICIT_RETAIN_SELF = YES;
				CLANG_WARN_OBJC_LITERAL_CONVERSION = YES;
				CLANG_WARN_OBJC_ROOT_CLASS = YES_ERROR;
				CLANG_WARN_RANGE_LOOP_ANALYSIS = YES;
				CLANG_WARN_STRICT_PROTOTYPES = YES;
				CLANG_WARN_SUSPICIOUS_MOVE = YES;
				CLANG_WARN_UNGUARDED_AVAILABILITY = YES_AGGRESSIVE;
				CLANG_WARN_UNREACHABLE_CODE = YES;
				CLANG_WARN__DUPLICATE_METHOD_MATCH = YES;
				CODE_SIGN_IDENTITY = "iPhone Developer";
				COPY_PHASE_STRIP = NO;
				DEBUG_INFORMATION_FORMAT = "dwarf-with-dsym";
				ENABLE_NS_ASSERTIONS = NO;
				ENABLE_STRICT_OBJC_MSGSEND = YES;
				GCC_C_LANGUAGE_STANDARD = gnu11;
				GCC_NO_COMMON_BLOCKS = YES;
				GCC_WARN_64_TO_32_BIT_CONVERSION = YES;
				GCC_WARN_ABOUT_RETURN_TYPE = YES_ERROR;
				GCC_WARN_UNDECLARED_SELECTOR = YES;
				GCC_WARN_UNINITIALIZED_AUTOS = YES_AGGRESSIVE;
				GCC_WARN_UNUSED_FUNCTION = YES;
				GCC_WARN_UNUSED_VARIABLE = YES;
				IPHONEOS_DEPLOYMENT_TARGET = 12.0;
				MTL_ENABLE_DEBUG_INFO = NO;
				MTL_FAST_MATH = YES;
				SDKROOT = iphoneos;
				SWIFT_COMPILATION_MODE = wholemodule;
				SWIFT_OPTIMIZATION_LEVEL = "-O";
				VALIDATE_PRODUCT = YES;
			};
			name = Release;
		};
		151FF1B8215BDBA00065B661 /* Debug */ = {
			isa = XCBuildConfiguration;
			buildSettings = {
				ASSETCATALOG_COMPILER_APPICON_NAME = AppIcon;
				CODE_SIGN_STYLE = Automatic;
				DEVELOPMENT_TEAM = FL752J3F2U;
				INFOPLIST_FILE = testtry/Info.plist;
				LD_RUNPATH_SEARCH_PATHS = (
					"$(inherited)",
					"@executable_path/Frameworks",
				);
				PRODUCT_BUNDLE_IDENTIFIER = com.searshcautomation.testt;
				PRODUCT_NAME = "$(TARGET_NAME)";
				SWIFT_VERSION = 4.2;
				TARGETED_DEVICE_FAMILY = "1,2";
			};
			name = Debug;
		};
		151FF1B9215BDBA00065B661 /* Release */ = {
			isa = XCBuildConfiguration;
			buildSettings = {
				ASSETCATALOG_COMPILER_APPICON_NAME = AppIcon;
				CODE_SIGN_STYLE = Automatic;
				DEVELOPMENT_TEAM = FL752J3F2U;
				INFOPLIST_FILE = testtry/Info.plist;
				LD_RUNPATH_SEARCH_PATHS = (
					"$(inherited)",
					"@executable_path/Frameworks",
				);
				PRODUCT_BUNDLE_IDENTIFIER = com.searshcautomation.testt;
				PRODUCT_NAME = "$(TARGET_NAME)";
				SWIFT_VERSION = 4.2;
				TARGETED_DEVICE_FAMILY = "1,2";
			};
			name = Release;
		};
/* End XCBuildConfiguration section */

/* Begin XCConfigurationList section */
		151FF1A0215BDB9F0065B661 /* Build configuration list for PBXProject "testtry" */ = {
			isa = XCConfigurationList;
			buildConfigurations = (
				151FF1B5215BDBA00065B661 /* Debug */,
				151FF1B6215BDBA00065B661 /* Release */,
			);
			defaultConfigurationIsVisible = 0;
			defaultConfigurationName = Release;
		};
		151FF1B7215BDBA00065B661 /* Build configuration list for PBXNativeTarget "testtry" */ = {
			isa = XCConfigurationList;
			buildConfigurations = (
				151FF1B8215BDBA00065B661 /* Debug */,
				151FF1B9215BDBA00065B661 /* Release */,
			);
			defaultConfigurationIsVisible = 0;
			defaultConfigurationName = Release;
		};
/* End XCConfigurationList section */
	};
	rootObject = 151FF19D215BDB9F0065B661 /* Project object */;
}
